
Microsoft Visual Studio Solution File, Format Version 12.00
# Visual Studio 15
VisualStudioVersion = 15.0.28010.2050
MinimumVisualStudioVersion = 10.0.40219.1
Project("{FAE04EC0-301F-11D3-BF4B-00C04F79EFBC}") = "1612277_FinalTerm", "1612277_FinalTerm\1612277_FinalTerm.csproj", "{046FE36C-1DAF-4CDC-84DD-1590E3AE6A01}"
EndProject
Global
	GlobalSection(SolutionConfigurationPlatforms) = preSolution
		Debug|Any CPU = Debug|Any CPU
		Release|Any CPU = Release|Any CPU
	EndGlobalSection
	GlobalSection(ProjectConfigurationPlatforms) = postSolution
		{046FE36C-1DAF-4CDC-84DD-1590E3AE6A01}.Debug|Any CPU.ActiveCfg = Debug|Any CPU
		{046FE36C-1DAF-4CDC-84DD-1590E3AE6A01}.Debug|Any CPU.Build.0 = Debug|Any CPU
		{046FE36C-1DAF-4CDC-84DD-1590E3AE6A01}.Release|Any CPU.ActiveCfg = Release|Any CPU
		{046FE36C-1DAF-4CDC-84DD-1590E3AE6A01}.Release|Any CPU.Build.0 = Release|Any CPU
	EndGlobalSection
	GlobalSection(SolutionProperties) = preSolution
		HideSolutionNode = FALSE
	EndGlobalSection
	GlobalSection(ExtensibilityGlobals) = postSolution
		SolutionGuid = {CCCF4C0C-FA73-4E52-AD44-F04F1363C122}
	EndGlobalSection
EndGlobal
